<?xml version="1.0" encoding="utf-8"?>
<Project ToolsVersion="4.0" xmlns="http://schemas.microsoft.com/developer/msbuild/2003">
  <ItemGroup>
    <Filter Include="Source Files">
      <UniqueIdentifier>{47cfb240-1083-405c-9aef-7e877d5f182b}</UniqueIdentifier>
      <Extensions>cpp;c;cxx;def;odl;idl;hpj;bat;asm</Extensions>
    </Filter>
    <Filter Include="Header Files">
      <UniqueIdentifier>{79e56995-61b8-401f-8908-bcd34d9bb70b}</UniqueIdentifier>
      <Extensions>h;hpp;hxx;hm;inl;inc</Extensions>
    </Filter>
    <Filter Include="Resource Files">
      <UniqueIdentifier>{8cd92c5b-a49b-4562-89f8-e2a975899f85}</UniqueIdentifier>
      <Extensions>rc;ico;cur;bmp;dlg;rc2;rct;bin;rgs;gif;jpg;jpeg;jpe</Extensions>
    </Filter>
  </ItemGroup>
  <ItemGroup>
    <ClCompile Include="Board.cpp">
      <Filter>Source Files</Filter>
    </ClCompile>
    <ClCompile Include="GameApp.cpp">
      <Filter>Source Files</Filter>
    </ClCompile>
    <ClCompile Include="GameOverEffect.cpp">
      <Filter>Source Files</Filter>
    </ClCompile>
    <ClCompile Include="LevelupEffect.cpp">
      <Filter>Source Files</Filter>
    </ClCompile>
    <ClCompile Include="main.cpp">
      <Filter>Source Files</Filter>
    </ClCompile>
    <ClCompile Include="OptionsDialog.cpp">
      <Filter>Source Files</Filter>
    </ClCompile>
    <ClCompile Include="TitleScreen.cpp">
      <Filter>Source Files</Filter>
    </ClCompile>
    <ClCompile Include="Res.cpp">
      <Filter>Source Files</Filter>
    </ClCompile>
  </ItemGroup>
  <ItemGroup>
    <ClInclude Include="Board.h">
      <Filter>Header Files</Filter>
    </ClInclude>
    <ClInclude Include="GameApp.h">
      <Filter>Header Files</Filter>
    </ClInclude>
    <ClInclude Include="GameOverEffect.h">
      <Filter>Header Files</Filter>
    </ClInclude>
    <ClInclude Include="LevelupEffect.h">
      <Filter>Header Files</Filter>
    </ClInclude>
    <ClInclude Include="OptionsDialog.h">
      <Filter>Header Files</Filter>
    </ClInclude>
    <ClInclude Include="TitleScreen.h">
      <Filter>Header Files</Filter>
    </ClInclude>
    <ClInclude Include="Res.h">
      <Filter>Header Files</Filter>
    </ClInclude>
  </ItemGroup>
</Project>